
Microsoft Visual Studio Solution File, Format Version 12.00
# Visual Studio 14
VisualStudioVersion = 14.0.25420.1
MinimumVisualStudioVersion = 10.0.40219.1
Project("{8BC9CEB8-8B4A-11D0-8D11-00A0C91BC942}") = "cppDrone", "cppDrone\cppDrone.vcxproj", "{A361D46C-25B5-421C-AAB7-4A379411E2D0}"
EndProject
Project("{8BC9CEB8-8B4A-11D0-8D11-00A0C91BC942}") = "json", "json\json.vcxproj", "{6263ABB6-53C5-47C0-A530-6FB9CCCDAAB1}"
EndProject
Project("{8BC9CEB8-8B4A-11D0-8D11-00A0C91BC942}") = "ARSDK3_Bebop2", "ARSDK3_Bebop2\ARSDK3_Bebop2.vcxproj", "{38B63D5F-50AF-4043-A64C-DD0056FA183F}"
EndProject
Global
	GlobalSection(SolutionConfigurationPlatforms) = preSolution
		Debug|x64 = Debug|x64
		Release|x64 = Release|x64
	EndGlobalSection
	GlobalSection(ProjectConfigurationPlatforms) = postSolution
		{A361D46C-25B5-421C-AAB7-4A379411E2D0}.Debug|x64.ActiveCfg = Debug|x64
		{A361D46C-25B5-421C-AAB7-4A379411E2D0}.Debug|x64.Build.0 = Debug|x64
		{A361D46C-25B5-421C-AAB7-4A379411E2D0}.Release|x64.ActiveCfg = Release|x64
		{A361D46C-25B5-421C-AAB7-4A379411E2D0}.Release|x64.Build.0 = Release|x64
		{6263ABB6-53C5-47C0-A530-6FB9CCCDAAB1}.Debug|x64.ActiveCfg = Debug|x64
		{6263ABB6-53C5-47C0-A530-6FB9CCCDAAB1}.Debug|x64.Build.0 = Debug|x64
		{6263ABB6-53C5-47C0-A530-6FB9CCCDAAB1}.Release|x64.ActiveCfg = Release|x64
		{6263ABB6-53C5-47C0-A530-6FB9CCCDAAB1}.Release|x64.Build.0 = Release|x64
		{38B63D5F-50AF-4043-A64C-DD0056FA183F}.Debug|x64.ActiveCfg = Debug|x64
		{38B63D5F-50AF-4043-A64C-DD0056FA183F}.Debug|x64.Build.0 = Debug|x64
		{38B63D5F-50AF-4043-A64C-DD0056FA183F}.Release|x64.ActiveCfg = Release|x64
		{38B63D5F-50AF-4043-A64C-DD0056FA183F}.Release|x64.Build.0 = Release|x64
	EndGlobalSection
	GlobalSection(SolutionProperties) = preSolution
		HideSolutionNode = FALSE
	EndGlobalSection
EndGlobal
